
Microsoft Visual Studio Solution File, Format Version 12.00
# Visual Studio Version 17
VisualStudioVersion = 17.12.35527.113 d17.12
MinimumVisualStudioVersion = 10.0.40219.1
Project("{FAE04EC0-301F-11D3-BF4B-00C04F79EFBC}") = "Salih_ToDoApi", "Salih_ToDoApi\Salih_ToDoApi.csproj", "{D6512792-C7B2-434A-A874-91CF79E593DB}"
EndProject
Project("{FAE04EC0-301F-11D3-BF4B-00C04F79EFBC}") = "TodoApi.Tests", "TodoApi.Tests\TodoApi.Tests.csproj", "{98ADC93F-1E73-4A4C-B0BA-812C1D788429}"
EndProject
Global
	GlobalSection(SolutionConfigurationPlatforms) = preSolution
		Debug|Any CPU = Debug|Any CPU
		Release|Any CPU = Release|Any CPU
	EndGlobalSection
	GlobalSection(ProjectConfigurationPlatforms) = postSolution
		{D6512792-C7B2-434A-A874-91CF79E593DB}.Debug|Any CPU.ActiveCfg = Debug|Any CPU
		{D6512792-C7B2-434A-A874-91CF79E593DB}.Debug|Any CPU.Build.0 = Debug|Any CPU
		{D6512792-C7B2-434A-A874-91CF79E593DB}.Release|Any CPU.ActiveCfg = Release|Any CPU
		{D6512792-C7B2-434A-A874-91CF79E593DB}.Release|Any CPU.Build.0 = Release|Any CPU
		{98ADC93F-1E73-4A4C-B0BA-812C1D788429}.Debug|Any CPU.ActiveCfg = Debug|Any CPU
		{98ADC93F-1E73-4A4C-B0BA-812C1D788429}.Debug|Any CPU.Build.0 = Debug|Any CPU
		{98ADC93F-1E73-4A4C-B0BA-812C1D788429}.Release|Any CPU.ActiveCfg = Release|Any CPU
		{98ADC93F-1E73-4A4C-B0BA-812C1D788429}.Release|Any CPU.Build.0 = Release|Any CPU
	EndGlobalSection
	GlobalSection(SolutionProperties) = preSolution
		HideSolutionNode = FALSE
	EndGlobalSection
EndGlobal
